# This file is generated by running "yarn install" inside your project.
# Manual changes might be lost - proceed with caution!

__metadata:
  version: 8
  cacheKey: 10c0

"@monorepooo/admin@npm:1.0.0, @monorepooo/admin@workspace:packages/admin":
  version: 0.0.0-use.local
  resolution: "@monorepooo/admin@workspace:packages/admin"
  dependencies:
    "@monorepooo/api": "npm:1.0.0"
    "@monorepooo/utils": "npm:1.0.0"
    typescript: "npm:^5.4.5"
  languageName: unknown
  linkType: soft

"@monorepooo/api@npm:1.0.0, @monorepooo/api@workspace:packages/api":
  version: 0.0.0-use.local
  resolution: "@monorepooo/api@workspace:packages/api"
  dependencies:
    "@monorepooo/utils": "npm:1.0.0"
    typescript: "npm:^5.4.5"
  languageName: unknown
  linkType: soft

"@monorepooo/template@workspace:packages/template":
  version: 0.0.0-use.local
  resolution: "@monorepooo/template@workspace:packages/template"
  dependencies:
    "@monorepooo/admin": "npm:1.0.0"
    "@monorepooo/api": "npm:1.0.0"
    "@monorepooo/web": "npm:1.0.0"
    left-pad: "npm:^1.0.0"
    typescript: "npm:^5.4.5"
  languageName: unknown
  linkType: soft

"@monorepooo/utils@npm:1.0.0, @monorepooo/utils@workspace:packages/utils":
  version: 0.0.0-use.local
  resolution: "@monorepooo/utils@workspace:packages/utils"
  dependencies:
    typescript: "npm:^5.4.5"
  languageName: unknown
  linkType: soft

"@monorepooo/web@npm:1.0.0, @monorepooo/web@workspace:packages/web":
  version: 0.0.0-use.local
  resolution: "@monorepooo/web@workspace:packages/web"
  dependencies:
    "@monorepooo/api": "npm:1.0.0"
    "@monorepooo/utils": "npm:1.0.0"
    typescript: "npm:^5.4.5"
  languageName: unknown
  linkType: soft

"left-pad@npm:^1.0.0":
  version: 1.3.0
  resolution: "left-pad@npm:1.3.0"
  checksum: 10c0/3fb59c76e281a2f5c810ad71dbbb8eba8b10c6cf94733dc7f27b8c516a5376cacea53543e76f6ae477d866c8954b27f1e15ca349424c2542474eb5bb1d2b6955
  languageName: node
  linkType: hard

"monorepooo@workspace:.":
  version: 0.0.0-use.local
  resolution: "monorepooo@workspace:."
  languageName: unknown
  linkType: soft

"typescript@npm:^5.4.5":
  version: 5.4.5
  resolution: "typescript@npm:5.4.5"
  bin:
    tsc: bin/tsc
    tsserver: bin/tsserver
  checksum: 10c0/2954022ada340fd3d6a9e2b8e534f65d57c92d5f3989a263754a78aba549f7e6529acc1921913560a4b816c46dce7df4a4d29f9f11a3dc0d4213bb76d043251e
  languageName: node
  linkType: hard

"typescript@patch:typescript@npm%3A^5.4.5#optional!builtin<compat/typescript>":
  version: 5.4.5
  resolution: "typescript@patch:typescript@npm%3A5.4.5#optional!builtin<compat/typescript>::version=5.4.5&hash=5adc0c"
  bin:
    tsc: bin/tsc
    tsserver: bin/tsserver
  checksum: 10c0/db2ad2a16ca829f50427eeb1da155e7a45e598eec7b086d8b4e8ba44e5a235f758e606d681c66992230d3fc3b8995865e5fd0b22a2c95486d0b3200f83072ec9
  languageName: node
  linkType: hard
